
Microsoft Visual Studio Solution File, Format Version 12.00
# Visual Studio Version 17
VisualStudioVersion = 17.6.33801.468
MinimumVisualStudioVersion = 10.0.40219.1
Project("{FAE04EC0-301F-11D3-BF4B-00C04F79EFBC}") = "SportsClub.WebApp", "SportsClub.WebApp\SportsClub.WebApp.csproj", "{01CAADFE-28EE-461A-82BF-6F33A33C63A9}"
EndProject
Project("{FAE04EC0-301F-11D3-BF4B-00C04F79EFBC}") = "SportsClub.Entities", "SportsClub.Entities\SportsClub.Entities.csproj", "{5C329A7C-B784-4AE2-A5AF-CB608F8944FD}"
EndProject
Project("{FAE04EC0-301F-11D3-BF4B-00C04F79EFBC}") = "SportsClub.Bll", "SportsClub.Bll\SportsClub.Bll.csproj", "{23561B56-6F89-41B0-A182-0C29BB3FED03}"
EndProject
Project("{FAE04EC0-301F-11D3-BF4B-00C04F79EFBC}") = "SportsClub.Dal", "SportsClub.Dal\SportsClub.Dal.csproj", "{14477EBC-2F68-479A-B984-BD79EBC9BDAE}"
EndProject
Global
	GlobalSection(SolutionConfigurationPlatforms) = preSolution
		Debug|Any CPU = Debug|Any CPU
		Release|Any CPU = Release|Any CPU
	EndGlobalSection
	GlobalSection(ProjectConfigurationPlatforms) = postSolution
		{01CAADFE-28EE-461A-82BF-6F33A33C63A9}.Debug|Any CPU.ActiveCfg = Debug|Any CPU
		{01CAADFE-28EE-461A-82BF-6F33A33C63A9}.Debug|Any CPU.Build.0 = Debug|Any CPU
		{01CAADFE-28EE-461A-82BF-6F33A33C63A9}.Release|Any CPU.ActiveCfg = Release|Any CPU
		{01CAADFE-28EE-461A-82BF-6F33A33C63A9}.Release|Any CPU.Build.0 = Release|Any CPU
		{5C329A7C-B784-4AE2-A5AF-CB608F8944FD}.Debug|Any CPU.ActiveCfg = Debug|Any CPU
		{5C329A7C-B784-4AE2-A5AF-CB608F8944FD}.Debug|Any CPU.Build.0 = Debug|Any CPU
		{5C329A7C-B784-4AE2-A5AF-CB608F8944FD}.Release|Any CPU.ActiveCfg = Release|Any CPU
		{5C329A7C-B784-4AE2-A5AF-CB608F8944FD}.Release|Any CPU.Build.0 = Release|Any CPU
		{23561B56-6F89-41B0-A182-0C29BB3FED03}.Debug|Any CPU.ActiveCfg = Debug|Any CPU
		{23561B56-6F89-41B0-A182-0C29BB3FED03}.Debug|Any CPU.Build.0 = Debug|Any CPU
		{23561B56-6F89-41B0-A182-0C29BB3FED03}.Release|Any CPU.ActiveCfg = Release|Any CPU
		{23561B56-6F89-41B0-A182-0C29BB3FED03}.Release|Any CPU.Build.0 = Release|Any CPU
		{14477EBC-2F68-479A-B984-BD79EBC9BDAE}.Debug|Any CPU.ActiveCfg = Debug|Any CPU
		{14477EBC-2F68-479A-B984-BD79EBC9BDAE}.Debug|Any CPU.Build.0 = Debug|Any CPU
		{14477EBC-2F68-479A-B984-BD79EBC9BDAE}.Release|Any CPU.ActiveCfg = Release|Any CPU
		{14477EBC-2F68-479A-B984-BD79EBC9BDAE}.Release|Any CPU.Build.0 = Release|Any CPU
	EndGlobalSection
	GlobalSection(SolutionProperties) = preSolution
		HideSolutionNode = FALSE
	EndGlobalSection
	GlobalSection(ExtensibilityGlobals) = postSolution
		SolutionGuid = {A0668327-AE85-46CA-B7F4-BB188D73496A}
	EndGlobalSection
EndGlobal
